dependencies:
  espressif/esp_websocket_client:
    component_hash: ae561d39222a399ddda5e470913c3d54a3c0f53dce15b8d21a3aaa4226dd74b1
    dependencies:
    - name: idf
      require: private
      version: '>=5.0'
    source:
      registry_url: https://components.espressif.com/
      type: service
    version: 1.2.3
  idf:
    source:
      type: idf
    version: 5.3.3
direct_dependencies:
- espressif/esp_websocket_client
manifest_hash: d30443b52f8c2bfac7a249c0d7dc83dcb43d6dd4ef0295c8d8ac892c3c67b6db
target: esp32
version: 2.0.0
